
Microsoft Visual Studio Solution File, Format Version 12.00
# Visual Studio 15
VisualStudioVersion = 15.0.27428.2037
MinimumVisualStudioVersion = 10.0.40219.1
Project("{FAE04EC0-301F-11D3-BF4B-00C04F79EFBC}") = "SudokuApp", "SudokuApp\SudokuApp.csproj", "{08007B4C-810D-4B34-AB2A-9720F31EF372}"
EndProject
Project("{FAE04EC0-301F-11D3-BF4B-00C04F79EFBC}") = "SudokuApp.Core", "SudokuApp.Core\SudokuApp.Core.csproj", "{C09AC7AE-BBF0-4941-99B7-350E5C215976}"
EndProject
Project("{FAE04EC0-301F-11D3-BF4B-00C04F79EFBC}") = "SudokuApp.Core.Tests", "SudokuApp.Core.Tests\SudokuApp.Core.Tests.csproj", "{66710DB1-2CF0-46E7-A4F2-D9D5EA10C4ED}"
EndProject
Global
	GlobalSection(SolutionConfigurationPlatforms) = preSolution
		Debug|Any CPU = Debug|Any CPU
		Release|Any CPU = Release|Any CPU
	EndGlobalSection
	GlobalSection(ProjectConfigurationPlatforms) = postSolution
		{08007B4C-810D-4B34-AB2A-9720F31EF372}.Debug|Any CPU.ActiveCfg = Debug|Any CPU
		{08007B4C-810D-4B34-AB2A-9720F31EF372}.Debug|Any CPU.Build.0 = Debug|Any CPU
		{08007B4C-810D-4B34-AB2A-9720F31EF372}.Release|Any CPU.ActiveCfg = Release|Any CPU
		{08007B4C-810D-4B34-AB2A-9720F31EF372}.Release|Any CPU.Build.0 = Release|Any CPU
		{C09AC7AE-BBF0-4941-99B7-350E5C215976}.Debug|Any CPU.ActiveCfg = Debug|Any CPU
		{C09AC7AE-BBF0-4941-99B7-350E5C215976}.Debug|Any CPU.Build.0 = Debug|Any CPU
		{C09AC7AE-BBF0-4941-99B7-350E5C215976}.Release|Any CPU.ActiveCfg = Release|Any CPU
		{C09AC7AE-BBF0-4941-99B7-350E5C215976}.Release|Any CPU.Build.0 = Release|Any CPU
		{66710DB1-2CF0-46E7-A4F2-D9D5EA10C4ED}.Debug|Any CPU.ActiveCfg = Debug|Any CPU
		{66710DB1-2CF0-46E7-A4F2-D9D5EA10C4ED}.Debug|Any CPU.Build.0 = Debug|Any CPU
		{66710DB1-2CF0-46E7-A4F2-D9D5EA10C4ED}.Release|Any CPU.ActiveCfg = Release|Any CPU
		{66710DB1-2CF0-46E7-A4F2-D9D5EA10C4ED}.Release|Any CPU.Build.0 = Release|Any CPU
	EndGlobalSection
	GlobalSection(SolutionProperties) = preSolution
		HideSolutionNode = FALSE
	EndGlobalSection
	GlobalSection(ExtensibilityGlobals) = postSolution
		SolutionGuid = {C626A584-D163-4647-B934-33CE759BB74D}
	EndGlobalSection
EndGlobal
